
Microsoft Visual Studio Solution File, Format Version 12.00
# Visual Studio Version 17
VisualStudioVersion = 17.4.33205.214
MinimumVisualStudioVersion = 10.0.40219.1
Project("{9A19103F-16F7-4668-BE54-9A1E7A4F7556}") = "Frontend", "Frontend\Frontend.csproj", "{07B123ED-8C53-453B-BB1E-9B4D69CA3B94}"
EndProject
Project("{9A19103F-16F7-4668-BE54-9A1E7A4F7556}") = "API", "API\API.csproj", "{834F1C36-F6CF-4D75-BE8F-A5CDA2E6FAAB}"
EndProject
Project("{9A19103F-16F7-4668-BE54-9A1E7A4F7556}") = "Common", "Common\Common.csproj", "{613CF5E0-2E58-4BBB-A288-03218C5A7C13}"
EndProject
Project("{9A19103F-16F7-4668-BE54-9A1E7A4F7556}") = "DAL", "DAL\DAL.csproj", "{85FDAF2D-4094-4F3D-B7BC-F5E4578C525C}"
EndProject
Project("{9A19103F-16F7-4668-BE54-9A1E7A4F7556}") = "BL", "BL\BL.csproj", "{9321D039-6A2A-4CAA-AB93-D65726900527}"
EndProject
Global
	GlobalSection(SolutionConfigurationPlatforms) = preSolution
		Debug|Any CPU = Debug|Any CPU
		Release|Any CPU = Release|Any CPU
	EndGlobalSection
	GlobalSection(ProjectConfigurationPlatforms) = postSolution
		{07B123ED-8C53-453B-BB1E-9B4D69CA3B94}.Debug|Any CPU.ActiveCfg = Debug|Any CPU
		{07B123ED-8C53-453B-BB1E-9B4D69CA3B94}.Debug|Any CPU.Build.0 = Debug|Any CPU
		{07B123ED-8C53-453B-BB1E-9B4D69CA3B94}.Release|Any CPU.ActiveCfg = Release|Any CPU
		{07B123ED-8C53-453B-BB1E-9B4D69CA3B94}.Release|Any CPU.Build.0 = Release|Any CPU
		{834F1C36-F6CF-4D75-BE8F-A5CDA2E6FAAB}.Debug|Any CPU.ActiveCfg = Debug|Any CPU
		{834F1C36-F6CF-4D75-BE8F-A5CDA2E6FAAB}.Debug|Any CPU.Build.0 = Debug|Any CPU
		{834F1C36-F6CF-4D75-BE8F-A5CDA2E6FAAB}.Release|Any CPU.ActiveCfg = Release|Any CPU
		{834F1C36-F6CF-4D75-BE8F-A5CDA2E6FAAB}.Release|Any CPU.Build.0 = Release|Any CPU
		{613CF5E0-2E58-4BBB-A288-03218C5A7C13}.Debug|Any CPU.ActiveCfg = Debug|Any CPU
		{613CF5E0-2E58-4BBB-A288-03218C5A7C13}.Debug|Any CPU.Build.0 = Debug|Any CPU
		{613CF5E0-2E58-4BBB-A288-03218C5A7C13}.Release|Any CPU.ActiveCfg = Release|Any CPU
		{613CF5E0-2E58-4BBB-A288-03218C5A7C13}.Release|Any CPU.Build.0 = Release|Any CPU
		{85FDAF2D-4094-4F3D-B7BC-F5E4578C525C}.Debug|Any CPU.ActiveCfg = Debug|Any CPU
		{85FDAF2D-4094-4F3D-B7BC-F5E4578C525C}.Debug|Any CPU.Build.0 = Debug|Any CPU
		{85FDAF2D-4094-4F3D-B7BC-F5E4578C525C}.Release|Any CPU.ActiveCfg = Release|Any CPU
		{85FDAF2D-4094-4F3D-B7BC-F5E4578C525C}.Release|Any CPU.Build.0 = Release|Any CPU
		{9321D039-6A2A-4CAA-AB93-D65726900527}.Debug|Any CPU.ActiveCfg = Debug|Any CPU
		{9321D039-6A2A-4CAA-AB93-D65726900527}.Debug|Any CPU.Build.0 = Debug|Any CPU
		{9321D039-6A2A-4CAA-AB93-D65726900527}.Release|Any CPU.ActiveCfg = Release|Any CPU
		{9321D039-6A2A-4CAA-AB93-D65726900527}.Release|Any CPU.Build.0 = Release|Any CPU
	EndGlobalSection
	GlobalSection(SolutionProperties) = preSolution
		HideSolutionNode = FALSE
	EndGlobalSection
	GlobalSection(ExtensibilityGlobals) = postSolution
		SolutionGuid = {B4FB7D59-FBD8-4399-A035-F7733A53D0AA}
	EndGlobalSection
EndGlobal
